
Microsoft Visual Studio Solution File, Format Version 12.00
# Visual Studio Version 17
VisualStudioVersion = 17.1.32414.318
MinimumVisualStudioVersion = 10.0.40219.1
Project("{FAE04EC0-301F-11D3-BF4B-00C04F79EFBC}") = "day9_UC1_Create_Contact", "day9_UC1_Create_Contact.csproj", "{90CBF71A-3C1C-4E0F-B71B-D0794C739D09}"
EndProject
Global
	GlobalSection(SolutionConfigurationPlatforms) = preSolution
		Debug|Any CPU = Debug|Any CPU
		Release|Any CPU = Release|Any CPU
	EndGlobalSection
	GlobalSection(ProjectConfigurationPlatforms) = postSolution
		{90CBF71A-3C1C-4E0F-B71B-D0794C739D09}.Debug|Any CPU.ActiveCfg = Debug|Any CPU
		{90CBF71A-3C1C-4E0F-B71B-D0794C739D09}.Debug|Any CPU.Build.0 = Debug|Any CPU
		{90CBF71A-3C1C-4E0F-B71B-D0794C739D09}.Release|Any CPU.ActiveCfg = Release|Any CPU
		{90CBF71A-3C1C-4E0F-B71B-D0794C739D09}.Release|Any CPU.Build.0 = Release|Any CPU
	EndGlobalSection
	GlobalSection(SolutionProperties) = preSolution
		HideSolutionNode = FALSE
	EndGlobalSection
	GlobalSection(ExtensibilityGlobals) = postSolution
		SolutionGuid = {D63A6E8D-5F59-47F2-93F2-B16177DF9757}
	EndGlobalSection
EndGlobal
